{
  "name": "calendar",
  "version": "0.1.0",
  "lockfileVersion": 1,
  "requires": true,
  "dependencies": {
    "@types/isotope-layout": {
      "version": "3.0.8",
      "resolved": "https://registry.npmjs.org/@types/isotope-layout/-/isotope-layout-3.0.8.tgz",
      "integrity": "sha512-hJitV6MQnZ98GBiYkh4PA7hvXVZJoqehMLVsmf0v/xCkv4O8xaJVPD7pjCFXWswDQ2jB7a3dUCGzWZxlLtjINg=="
    },
    "axios": {
      "version": "0.21.1",
      "resolved": "https://registry.npmjs.org/axios/-/axios-0.21.1.tgz",
      "integrity": "sha512-dKQiRHxGD9PPRIUNIWvZhPTPpl1rf/OxTYKsqKUDjBwYylTvV7SjSHJb9ratfyzM6wCdLCOYLzs73qpg5c4iGA==",
      "requires": {
        "follow-redirects": "^1.10.0"
      },
      "dependencies": {
        "follow-redirects": {
          "version": "1.13.1",
          "resolved": "https://registry.npmjs.org/follow-redirects/-/follow-redirects-1.13.1.tgz",
          "integrity": "sha512-SSG5xmZh1mkPGyKzjZP8zLjltIfpW32Y5QpdNJyjcfGxK3qo3NDDkZOZSFiGn1A6SclQxY9GzEwAHQ3dmYRWpg=="
        }
      }
    },
    "decode-uri-component": {
      "version": "0.2.0",
      "resolved": "https://registry.npmjs.org/decode-uri-component/-/decode-uri-component-0.2.0.tgz",
      "integrity": "sha1-6zkTMzRYd1y4TNGh+uBiEGu4dUU="
    },
    "desandro-matches-selector": {
      "version": "2.0.2",
      "resolved": "https://registry.npmjs.org/desandro-matches-selector/-/desandro-matches-selector-2.0.2.tgz",
      "integrity": "sha1-cXvu1NwT59jzdi9wem1YpndCGOE="
    },
    "eslint-config-prettier": {
      "version": "2.9.0",
      "resolved": "https://registry.npmjs.org/eslint-config-prettier/-/eslint-config-prettier-2.9.0.tgz",
      "integrity": "sha512-ag8YEyBXsm3nmOv1Hz991VtNNDMRa+MNy8cY47Pl4bw6iuzqKbJajXdqUpiw13STdLLrznxgm1hj9NhxeOYq0A==",
      "dev": true,
      "dependencies": {
        "get-stdin": {
          "version": "5.0.1",
          "resolved": "https://registry.npmjs.org/get-stdin/-/get-stdin-5.0.1.tgz",
          "integrity": "sha1-Ei4WFZHiH/TFJTAwVpPyDmOTo5g="
        }
      }
    },
    "eslint-plugin-compat": {
      "version": "2.1.0",
      "resolved": "https://registry.npmjs.org/eslint-plugin-compat/-/eslint-plugin-compat-2.1.0.tgz",
      "integrity": "sha512-ml+CAjn9c6E4Vi1U/CBLtm9GBEtWw1rNtoPxCf9kj/FVyDhlOlffYAzZ1J1yQ1eeN4JqZ3gVSoKnKcuk/80oWA==",
      "dev": true
    },
    "eslint-plugin-import": {
      "version": "2.8.0",
      "resolved": "https://registry.npmjs.org/eslint-plugin-import/-/eslint-plugin-import-2.8.0.tgz",
      "integrity": "sha512-Rf7dfKJxZ16QuTgVv1OYNxkZcsu/hULFnC+e+w0Gzi6jMC3guQoWQgxYxc54IDRinlb6/0v5z/PxxIKmVctN+g==",
      "dev": true,
      "dependencies": {
        "doctrine": {
          "version": "1.5.0",
          "resolved": "https://registry.npmjs.org/doctrine/-/doctrine-1.5.0.tgz",
          "integrity": "sha1-N53Ocw9hZvds76TmcHoVmwLFpvo="
        },
        "load-json-file": {
          "version": "2.0.0",
          "resolved": "https://registry.npmjs.org/load-json-file/-/load-json-file-2.0.0.tgz",
          "integrity": "sha1-eUfkIUmvgNaWy/eXvKq8/h/inKg="
        },
        "path-type": {
          "version": "2.0.0",
          "resolved": "https://registry.npmjs.org/path-type/-/path-type-2.0.0.tgz",
          "integrity": "sha1-8BLMuEFbcJb8LaoQVMPXI4lZTHM="
        },
        "read-pkg": {
          "version": "2.0.0",
          "resolved": "https://registry.npmjs.org/read-pkg/-/read-pkg-2.0.0.tgz",
          "integrity": "sha1-jvHAYjxqbbDcZxPEv6xGMysjaPg="
        },
        "read-pkg-up": {
          "version": "2.0.0",
          "resolved": "https://registry.npmjs.org/read-pkg-up/-/read-pkg-up-2.0.0.tgz",
          "integrity": "sha1-a3KoBImE4MQeeVEP1en6mbO1Sb4="
        },
        "strip-bom": {
          "version": "3.0.0",
          "resolved": "https://registry.npmjs.org/strip-bom/-/strip-bom-3.0.0.tgz",
          "integrity": "sha1-IzTBjpx1n3vdVv3vfprj1YjmjtM="
        }
      }
    },
    "eslint-plugin-jsx-a11y": {
      "version": "5.1.1",
      "resolved": "https://registry.npmjs.org/eslint-plugin-jsx-a11y/-/eslint-plugin-jsx-a11y-5.1.1.tgz",
      "integrity": "sha512-5I9SpoP7gT4wBFOtXT8/tXNPYohHBVfyVfO17vkbC7r9kEIxYJF12D3pKqhk8+xnk12rfxKClS3WCFpVckFTPQ==",
      "dev": true
    },
    "eslint-plugin-prettier": {
      "version": "2.5.0",
      "resolved": "https://registry.npmjs.org/eslint-plugin-prettier/-/eslint-plugin-prettier-2.5.0.tgz",
      "integrity": "sha512-L06bewYpt2Wb8Uk7os8f/0cL5DjddL38t1M/nOpjw5MqVFBn1RIIBBE6tfr37lHUH7AvAubZsvu/bDmNl4RBKQ==",
      "dev": true,
      "dependencies": {
        "jest-docblock": {
          "version": "21.2.0",
          "resolved": "https://registry.npmjs.org/jest-docblock/-/jest-docblock-21.2.0.tgz",
          "integrity": "sha512-5IZ7sY9dBAYSV+YjQ0Ovb540Ku7AO9Z5o2Cg789xj167iQuZ2cG+z0f3Uct6WeYLbU6aQiM2pCs7sZ+4dotydw=="
        }
      }
    },
    "eslint-plugin-react": {
      "version": "7.5.1",
      "resolved": "https://registry.npmjs.org/eslint-plugin-react/-/eslint-plugin-react-7.5.1.tgz",
      "integrity": "sha512-YGSjB9Qu6QbVTroUZi66pYky3DfoIPLdHQ/wmrBGyBRnwxQsBXAov9j2rpXt/55i8nyMv6IRWJv2s4d4YnduzQ==",
      "dev": true,
      "dependencies": {
        "jsx-ast-utils": {
          "version": "2.0.1",
          "resolved": "https://registry.npmjs.org/jsx-ast-utils/-/jsx-ast-utils-2.0.1.tgz",
          "integrity": "sha1-6AGxs5mF4g//yHtA43SAgOLcrH8="
        }
      }
    },
    "ev-emitter": {
      "version": "1.1.1",
      "resolved": "https://registry.npmjs.org/ev-emitter/-/ev-emitter-1.1.1.tgz",
      "integrity": "sha512-ipiDYhdQSCZ4hSbX4rMW+XzNKMD1prg/sTvoVmSLkuQ1MVlwjJQQA+sW8tMYR3BLUr9KjodFV4pvzunvRhd33Q=="
    },
    "fizzy-ui-utils": {
      "version": "2.0.7",
      "resolved": "https://registry.npmjs.org/fizzy-ui-utils/-/fizzy-ui-utils-2.0.7.tgz",
      "integrity": "sha512-CZXDVXQ1If3/r8s0T+v+qVeMshhfcuq0rqIFgJnrtd+Bu8GmDmqMjntjUePypVtjHXKJ6V4sw9zeyox34n9aCg==",
      "requires": {
        "desandro-matches-selector": "^2.0.0"
      }
    },
    "get-size": {
      "version": "2.0.3",
      "resolved": "https://registry.npmjs.org/get-size/-/get-size-2.0.3.tgz",
      "integrity": "sha512-lXNzT/h/dTjTxRbm9BXb+SGxxzkm97h/PCIKtlN/CBCxxmkkIVV21udumMS93MuVTDX583gqc94v3RjuHmI+2Q=="
    },
    "highlight-words-core": {
      "version": "1.2.2",
      "resolved": "https://registry.npmjs.org/highlight-words-core/-/highlight-words-core-1.2.2.tgz",
      "integrity": "sha512-BXUKIkUuh6cmmxzi5OIbUJxrG8OAk2MqoL1DtO3Wo9D2faJg2ph5ntyuQeLqaHJmzER6H5tllCDA9ZnNe9BVGg=="
    },
    "husky": {
      "version": "0.14.3",
      "resolved": "https://registry.npmjs.org/husky/-/husky-0.14.3.tgz",
      "integrity": "sha512-e21wivqHpstpoiWA/Yi8eFti8E+sQDSS53cpJsPptPs295QTOQR0ZwnHo2TXy1XOpZFD9rPOd3NpmqTK6uMLJA==",
      "dev": true,
      "dependencies": {
        "normalize-path": {
          "version": "1.0.0",
          "resolved": "https://registry.npmjs.org/normalize-path/-/normalize-path-1.0.0.tgz",
          "integrity": "sha1-MtDkcvkf80VwHBWoMRAY07CpA3k="
        },
        "strip-indent": {
          "version": "2.0.0",
          "resolved": "https://registry.npmjs.org/strip-indent/-/strip-indent-2.0.0.tgz",
          "integrity": "sha1-XvjbKV0B5u1sv3qrlpmNeCJSe2g="
        }
      }
    },
    "isotope": {
      "version": "1.0.0-alpha.3",
      "resolved": "https://registry.npmjs.org/isotope/-/isotope-1.0.0-alpha.3.tgz",
      "integrity": "sha1-Zmiq8mTnjCDNAkY+tb1nlFRrxKw="
    },
    "isotope-layout": {
      "version": "3.0.6",
      "resolved": "https://registry.npmjs.org/isotope-layout/-/isotope-layout-3.0.6.tgz",
      "integrity": "sha512-z2ZKablhocXhoNyWwzJPFd7u7FWbYbVJA51Nvsqsod8jH2ExGc1SwDsSWKE54e3PhXzqf2yZPhFSq/c2MR1arw==",
      "requires": {
        "desandro-matches-selector": "^2.0.0",
        "fizzy-ui-utils": "^2.0.4",
        "get-size": "^2.0.0",
        "masonry-layout": "^4.1.0",
        "outlayer": "^2.1.0"
      }
    },
    "lint-staged": {
      "version": "6.0.1",
      "resolved": "https://registry.npmjs.org/lint-staged/-/lint-staged-6.0.1.tgz",
      "integrity": "sha512-GZnFshBzIpJMHO5aSqXGVJh5G1agKTrKGQOs6cTKA6a62PvZ7l2RawbpOrFdzjzkezxm7+LpKeleNt83gd9yRA==",
      "dev": true,
      "dependencies": {
        "ansi-regex": {
          "version": "3.0.0",
          "resolved": "https://registry.npmjs.org/ansi-regex/-/ansi-regex-3.0.0.tgz",
          "integrity": "sha1-7QMXwyIGT3lGbAKWa922Bas32Zg="
        },
        "chalk": {
          "version": "2.3.0",
          "resolved": "https://registry.npmjs.org/chalk/-/chalk-2.3.0.tgz",
          "integrity": "sha512-Az5zJR2CBujap2rqXGaJKaPHyJ0IrUimvYNX+ncCy8PJP4ltOGTrHUIo097ZaL2zMeKYpiCdqDvS6zdrTFok3Q=="
        },
        "cosmiconfig": {
          "version": "4.0.0",
          "resolved": "https://registry.npmjs.org/cosmiconfig/-/cosmiconfig-4.0.0.tgz",
          "integrity": "sha512-6e5vDdrXZD+t5v0L8CrurPeybg4Fmf+FCSYxXKYVAqLUtyCSbuyqE059d0kDthTNRzKVjL7QMgNpEUlsoYH3iQ=="
        },
        "debug": {
          "version": "3.1.0",
          "resolved": "https://registry.npmjs.org/debug/-/debug-3.1.0.tgz",
          "integrity": "sha512-OX8XqP7/1a9cqkxYw2yXss15f26NKWBpDXQd0/uK/KPqdQhxbPa994hnzjcE2VqQpDslf55723cKPUOGSmMY3g=="
        },
        "esprima": {
          "version": "4.0.0",
          "resolved": "https://registry.npmjs.org/esprima/-/esprima-4.0.0.tgz",
          "integrity": "sha512-oftTcaMu/EGrEIu904mWteKIv8vMuOgGYo7EhVJJN00R/EED9DCua/xxHRdYnKtcECzVg7xOWhflvJMnqcFZjw=="
        },
        "execa": {
          "version": "0.8.0",
          "resolved": "https://registry.npmjs.org/execa/-/execa-0.8.0.tgz",
          "integrity": "sha1-2NdrvBtVIX7RkP1t1J08d07PyNo="
        },
        "is-extglob": {
          "version": "2.1.1",
          "resolved": "https://registry.npmjs.org/is-extglob/-/is-extglob-2.1.1.tgz",
          "integrity": "sha1-qIwCU1eR8C7TfHahueqXc8gz+MI="
        },
        "is-glob": {
          "version": "4.0.0",
          "resolved": "https://registry.npmjs.org/is-glob/-/is-glob-4.0.0.tgz",
          "integrity": "sha1-lSHHaEXMJhCoUgPd8ICpWML/q8A="
        },
        "jest-validate": {
          "version": "21.2.1",
          "resolved": "https://registry.npmjs.org/jest-validate/-/jest-validate-21.2.1.tgz",
          "integrity": "sha512-k4HLI1rZQjlU+EC682RlQ6oZvLrE5SCh3brseQc24vbZTxzT/k/3urar5QMCVgjadmSO7lECeGdc6YxnM3yEGg=="
        },
        "js-yaml": {
          "version": "3.10.0",
          "resolved": "https://registry.npmjs.org/js-yaml/-/js-yaml-3.10.0.tgz",
          "integrity": "sha512-O2v52ffjLa9VeM43J4XocZE//WT9N0IiwDa3KSHH7Tu8CtH+1qM8SIZvnsTh6v+4yFy5KUY3BHUVwjpfAWsjIA=="
        },
        "parse-json": {
          "version": "4.0.0",
          "resolved": "https://registry.npmjs.org/parse-json/-/parse-json-4.0.0.tgz",
          "integrity": "sha1-vjX1Qlvh9/bHRxhPmKeIy5lHfuA="
        },
        "pify": {
          "version": "3.0.0",
          "resolved": "https://registry.npmjs.org/pify/-/pify-3.0.0.tgz",
          "integrity": "sha1-5aSs0sEB/fPZpNB/DbxNtJ3SgXY="
        },
        "pretty-format": {
          "version": "21.2.1",
          "resolved": "https://registry.npmjs.org/pretty-format/-/pretty-format-21.2.1.tgz",
          "integrity": "sha512-ZdWPGYAnYfcVP8yKA3zFjCn8s4/17TeYH28MXuC8vTp0o21eXjbFGcOAXZEaDaOFJjc3h2qa7HQNHNshhvoh2A=="
        },
        "require-from-string": {
          "version": "2.0.1",
          "resolved": "https://registry.npmjs.org/require-from-string/-/require-from-string-2.0.1.tgz",
          "integrity": "sha1-xUUjPp19pmFunVmt+zn8n1iGdv8="
        },
        "supports-color": {
          "version": "4.5.0",
          "resolved": "https://registry.npmjs.org/supports-color/-/supports-color-4.5.0.tgz",
          "integrity": "sha1-vnoN5ITexcXN34s9WRJQRJEvY1s="
        }
      }
    },
    "masonry-layout": {
      "version": "4.2.2",
      "resolved": "https://registry.npmjs.org/masonry-layout/-/masonry-layout-4.2.2.tgz",
      "integrity": "sha512-iGtAlrpHNyxaR19CvKC3npnEcAwszXoyJiI8ARV2ePi7fmYhIud25MHK8Zx4P0LCC4d3TNO9+rFa1KoK1OEOaA==",
      "requires": {
        "get-size": "^2.0.2",
        "outlayer": "^2.1.0"
      }
    },
    "moment": {
      "version": "2.20.1",
      "resolved": "https://registry.npmjs.org/moment/-/moment-2.20.1.tgz",
      "integrity": "sha512-Yh9y73JRljxW5QxN08Fner68eFLxM5ynNOAw2LbIB1YAGeQzZT8QFSUvkAz609Zf+IHhhaUxqZK8dG3W/+HEvg=="
    },
    "outlayer": {
      "version": "2.1.1",
      "resolved": "https://registry.npmjs.org/outlayer/-/outlayer-2.1.1.tgz",
      "integrity": "sha1-KYY7beEOpdrf/8rfoNcokHOH6aI=",
      "requires": {
        "ev-emitter": "^1.0.0",
        "fizzy-ui-utils": "^2.0.0",
        "get-size": "^2.0.2"
      }
    },
    "prettier": {
      "version": "1.10.2",
      "resolved": "https://registry.npmjs.org/prettier/-/prettier-1.10.2.tgz",
      "integrity": "sha512-TcdNoQIWFoHblurqqU6d1ysopjq7UX0oRcT/hJ8qvBAELiYWn+Ugf0AXdnzISEJ7vuhNnQ98N8jR8Sh53x4IZg==",
      "dev": true
    },
    "prettier-eslint": {
      "version": "8.8.1",
      "resolved": "https://registry.npmjs.org/prettier-eslint/-/prettier-eslint-8.8.1.tgz",
      "integrity": "sha512-8YMkJZnA+XVfEW6fPet05jpNmSQbD+Htbh/QyOxQcVf2GIUEZsnGP7ZScaM9Mq2Ra2261eCu60E7/TRIy9coXQ==",
      "dev": true,
      "dependencies": {
        "ansi-regex": {
          "version": "3.0.0",
          "resolved": "https://registry.npmjs.org/ansi-regex/-/ansi-regex-3.0.0.tgz",
          "integrity": "sha1-7QMXwyIGT3lGbAKWa922Bas32Zg="
        },
        "indent-string": {
          "version": "3.2.0",
          "resolved": "https://registry.npmjs.org/indent-string/-/indent-string-3.2.0.tgz",
          "integrity": "sha1-Sl/W0nzDMvN+VBmlBNu4NxBckok="
        },
        "pretty-format": {
          "version": "22.1.0",
          "resolved": "https://registry.npmjs.org/pretty-format/-/pretty-format-22.1.0.tgz",
          "integrity": "sha512-0HHR5hCmjDGU4sez3w5zRDAAwn7V0vT4SgPiYPZ1XDm5sT3Icb+Bh+fsOP3+Y3UwPjMr7TbRj+L7eQyMkPAxAw=="
        }
      }
    },
    "prettier-eslint-cli": {
      "version": "4.7.0",
      "resolved": "https://registry.npmjs.org/prettier-eslint-cli/-/prettier-eslint-cli-4.7.0.tgz",
      "integrity": "sha512-xhoR5W8Ljsacw2CHwORxC5+E8VQ0tSiJCrZ5fF6Mv9GQkaeQCYedGs0KzizUThzJYBfoxH2QBuyjmSG4Bblr6g==",
      "dev": true,
      "dependencies": {
        "camelcase": {
          "version": "4.1.0",
          "resolved": "https://registry.npmjs.org/camelcase/-/camelcase-4.1.0.tgz",
          "integrity": "sha1-1UVjW+HjPFQmScaRc+Xeas+uNN0="
        },
        "camelcase-keys": {
          "version": "4.2.0",
          "resolved": "https://registry.npmjs.org/camelcase-keys/-/camelcase-keys-4.2.0.tgz",
          "integrity": "sha1-oqpfsa9oh1glnDLBQUJteJI7m3c="
        },
        "chalk": {
          "version": "2.3.0",
          "resolved": "https://registry.npmjs.org/chalk/-/chalk-2.3.0.tgz",
          "integrity": "sha512-Az5zJR2CBujap2rqXGaJKaPHyJ0IrUimvYNX+ncCy8PJP4ltOGTrHUIo097ZaL2zMeKYpiCdqDvS6zdrTFok3Q=="
        },
        "cliui": {
          "version": "3.2.0",
          "resolved": "https://registry.npmjs.org/cliui/-/cliui-3.2.0.tgz",
          "integrity": "sha1-EgYBU3qRbSmUD5NNo7SNWFo5IT0=",
          "dependencies": {
            "string-width": {
              "version": "1.0.2",
              "resolved": "https://registry.npmjs.org/string-width/-/string-width-1.0.2.tgz",
              "integrity": "sha1-EYvfW4zcUaKn5w0hHgfisLmxB9M="
            }
          }
        },
        "get-stdin": {
          "version": "5.0.1",
          "resolved": "https://registry.npmjs.org/get-stdin/-/get-stdin-5.0.1.tgz",
          "integrity": "sha1-Ei4WFZHiH/TFJTAwVpPyDmOTo5g="
        },
        "indent-string": {
          "version": "3.2.0",
          "resolved": "https://registry.npmjs.org/indent-string/-/indent-string-3.2.0.tgz",
          "integrity": "sha1-Sl/W0nzDMvN+VBmlBNu4NxBckok="
        },
        "is-fullwidth-code-point": {
          "version": "1.0.0",
          "resolved": "https://registry.npmjs.org/is-fullwidth-code-point/-/is-fullwidth-code-point-1.0.0.tgz",
          "integrity": "sha1-754xOG8DGn8NZDr4L95QxFfvAMs="
        },
        "map-obj": {
          "version": "2.0.0",
          "resolved": "https://registry.npmjs.org/map-obj/-/map-obj-2.0.0.tgz",
          "integrity": "sha1-plzSkIepJZi4eRJXpSPgISIqwfk="
        },
        "os-locale": {
          "version": "2.1.0",
          "resolved": "https://registry.npmjs.org/os-locale/-/os-locale-2.1.0.tgz",
          "integrity": "sha512-3sslG3zJbEYcaC4YVAvDorjGxc7tv6KVATnLPZONiljsUncvihe9BQoVCEs0RZ1kmf4Hk9OBqlZfJZWI4GanKA=="
        },
        "supports-color": {
          "version": "4.5.0",
          "resolved": "https://registry.npmjs.org/supports-color/-/supports-color-4.5.0.tgz",
          "integrity": "sha1-vnoN5ITexcXN34s9WRJQRJEvY1s="
        },
        "which-module": {
          "version": "2.0.0",
          "resolved": "https://registry.npmjs.org/which-module/-/which-module-2.0.0.tgz",
          "integrity": "sha1-2e8H3Od7mQK4o6j6SzHD4/fm6Ho="
        },
        "yargs": {
          "version": "10.0.3",
          "resolved": "https://registry.npmjs.org/yargs/-/yargs-10.0.3.tgz",
          "integrity": "sha512-DqBpQ8NAUX4GyPP/ijDGHsJya4tYqLQrjPr95HNsr1YwL3+daCfvBwg7+gIC6IdJhR2kATh3hb61vjzMWEtjdw=="
        },
        "yargs-parser": {
          "version": "8.1.0",
          "resolved": "https://registry.npmjs.org/yargs-parser/-/yargs-parser-8.1.0.tgz",
          "integrity": "sha512-yP+6QqN8BmrgW2ggLtTbdrOyBNSI7zBa4IykmiV5R1wl1JWNxQvWhMfMdmzIYtKU7oP3OOInY/tl2ov3BDjnJQ=="
        }
      }
    },
    "prop-types": {
      "version": "15.6.0",
      "resolved": "https://registry.npmjs.org/prop-types/-/prop-types-15.6.0.tgz",
      "integrity": "sha1-zq8IMCL8RrSjX2nhPvda7Q1jmFY="
    },
    "query-string": {
      "version": "6.13.8",
      "resolved": "https://registry.npmjs.org/query-string/-/query-string-6.13.8.tgz",
      "integrity": "sha512-jxJzQI2edQPE/NPUOusNjO/ZOGqr1o2OBa/3M00fU76FsLXDVbJDv/p7ng5OdQyorKrkRz1oqfwmbe5MAMePQg==",
      "requires": {
        "decode-uri-component": "^0.2.0",
        "split-on-first": "^1.0.0",
        "strict-uri-encode": "^2.0.0"
      },
      "dependencies": {
        "strict-uri-encode": {
          "version": "2.0.0",
          "resolved": "https://registry.npmjs.org/strict-uri-encode/-/strict-uri-encode-2.0.0.tgz",
          "integrity": "sha1-ucczDHBChi9rFC3CdLvMWGbONUY="
        }
      }
    },
    "react": {
      "version": "16.2.0",
      "resolved": "https://registry.npmjs.org/react/-/react-16.2.0.tgz",
      "integrity": "sha512-ZmIomM7EE1DvPEnSFAHZn9Vs9zJl5A9H7el0EGTE6ZbW9FKe/14IYAlPbC8iH25YarEQxZL+E8VW7Mi7kfQrDQ=="
    },
    "react-dom": {
      "version": "16.2.0",
      "resolved": "https://registry.npmjs.org/react-dom/-/react-dom-16.2.0.tgz",
      "integrity": "sha512-zpGAdwHVn9K0091d+hr+R0qrjoJ84cIBFL2uU60KvWBPfZ7LPSrfqviTxGHWN0sjPZb2hxWzMexwrvJdKePvjg=="
    },
    "react-highlight-words": {
      "version": "0.11.0",
      "resolved": "https://registry.npmjs.org/react-highlight-words/-/react-highlight-words-0.11.0.tgz",
      "integrity": "sha512-b+fgdQXNjX6RwHfiBYn6qH2D2mJEDNLuxdsqRseIiQffoCAoj7naMQ5EktUkmo9Bh1mXq/aMpJbdx7Lf2PytcQ==",
      "requires": {
        "highlight-words-core": "^1.2.0",
        "prop-types": "^15.5.8"
      }
    },
    "react-preloader-icon": {
      "version": "0.1.1",
      "resolved": "https://registry.npmjs.org/react-preloader-icon/-/react-preloader-icon-0.1.1.tgz",
      "integrity": "sha512-R27L2+3UBgubVoMuMiY5sqgnxGaEmOsqXvWvKCRw3EaTo+jFTLRqhh8HtLYzXzhsvQ6jn3BN/SwfcyQ5EdjAuA=="
    },
    "react-scripts": {
      "version": "1.1.0",
      "resolved": "https://registry.npmjs.org/react-scripts/-/react-scripts-1.1.0.tgz",
      "integrity": "sha512-6FxNkE9ljbu/I0w0oxTvUlOv9zfwAJNxASSoi7qqIhDkf3qmhl4xLuz5Pbn4ayiAz+8G9+P3AfaI/Iq6iCE73g==",
      "dev": true,
      "dependencies": {
        "promise": {
          "version": "8.0.1",
          "resolved": "https://registry.npmjs.org/promise/-/promise-8.0.1.tgz",
          "integrity": "sha1-5F1osAoXZHttpxG/he1u1HII9FA="
        }
      }
    },
    "split-on-first": {
      "version": "1.1.0",
      "resolved": "https://registry.npmjs.org/split-on-first/-/split-on-first-1.1.0.tgz",
      "integrity": "sha512-43ZssAJaMusuKWL8sKUBQXHWOpq8d6CfN/u1p4gUzfJkM05C8rxTmYrkIPTXapZpORA6LkkzcUulJ8FqA7Uudw=="
    },
    "styled-components": {
      "version": "3.0.2",
      "resolved": "https://registry.npmjs.org/styled-components/-/styled-components-3.0.2.tgz",
      "integrity": "sha1-281m7oTURO5DMqf3QCfopnUZFZM=",
      "dependencies": {
        "buffer": {
          "version": "5.0.8",
          "resolved": "https://registry.npmjs.org/buffer/-/buffer-5.0.8.tgz",
          "integrity": "sha512-xXvjQhVNz50v2nPeoOsNqWCLGfiv4ji/gXZM28jnVwdLJxH4mFyqgqCKfaK9zf1KUbG6zTkjLOy7ou+jSMarGA=="
        },
        "has-flag": {
          "version": "1.0.0",
          "resolved": "https://registry.npmjs.org/has-flag/-/has-flag-1.0.0.tgz",
          "integrity": "sha1-nZ55MWXOAXoA8AQYxD+UKnsdEfo="
        },
        "supports-color": {
          "version": "3.2.3",
          "resolved": "https://registry.npmjs.org/supports-color/-/supports-color-3.2.3.tgz",
          "integrity": "sha1-ZawFBLOVQXHYpklGsq48u4pfVPY="
        }
      }
    }
  }
}
